// !$*UTF8*$!
{
	archiveVersion = 1;
	classes = {
	};
	objectVersion = 46;
	objects = {

/* Begin PBXBuildFile section */
		7B0266151CBA543F005B36A2 /* Firebase.framework in Frameworks */ = {isa = PBXBuildFile; fileRef = 7B0266141CBA543F005B36A2 /* Firebase.framework */; };
		7B3F85E01CAEEB7A00CEBA36 /* AppDelegate.swift in Sources */ = {isa = PBXBuildFile; fileRef = 7B3F85DF1CAEEB7A00CEBA36 /* AppDelegate.swift */; };
		7B3F85E21CAEEB7A00CEBA36 /* MovieViewController.swift in Sources */ = {isa = PBXBuildFile; fileRef = 7B3F85E11CAEEB7A00CEBA36 /* MovieViewController.swift */; };
		7B3F85E71CAEEB7A00CEBA36 /* Assets.xcassets in Resources */ = {isa = PBXBuildFile; fileRef = 7B3F85E61CAEEB7A00CEBA36 /* Assets.xcassets */; };
		7B3F85F51CAEEB7B00CEBA36 /* Buzz_Movie_iOSTests.swift in Sources */ = {isa = PBXBuildFile; fileRef = 7B3F85F41CAEEB7B00CEBA36 /* Buzz_Movie_iOSTests.swift */; };
		7B3F86001CAEEB7B00CEBA36 /* Buzz_Movie_iOSUITests.swift in Sources */ = {isa = PBXBuildFile; fileRef = 7B3F85FF1CAEEB7B00CEBA36 /* Buzz_Movie_iOSUITests.swift */; };
		7B67572E1CBAE2E400F4721C /* Main.storyboard in Resources */ = {isa = PBXBuildFile; fileRef = 7B67572C1CBAE2E400F4721C /* Main.storyboard */; };
		7BA35C991CBA412600AF26F7 /* LoginViewController.swift in Sources */ = {isa = PBXBuildFile; fileRef = 7BA35C981CBA412600AF26F7 /* LoginViewController.swift */; };
		7BA35C9B1CBA414100AF26F7 /* CreateAccountViewController.swift in Sources */ = {isa = PBXBuildFile; fileRef = 7BA35C9A1CBA414100AF26F7 /* CreateAccountViewController.swift */; };
		7BB1BEE01CBCD74200531061 /* EditProfileViewController.swift in Sources */ = {isa = PBXBuildFile; fileRef = 7BB1BEDF1CBCD74200531061 /* EditProfileViewController.swift */; };
		7BC0DBD41CBA33A1005A8070 /* libicucore.tbd in Frameworks */ = {isa = PBXBuildFile; fileRef = 7BC0DBD31CBA33A1005A8070 /* libicucore.tbd */; };
		7BC0DBD61CBA33A7005A8070 /* libc++.tbd in Frameworks */ = {isa = PBXBuildFile; fileRef = 7BC0DBD51CBA33A7005A8070 /* libc++.tbd */; };
		7BC0DBD81CBA33AC005A8070 /* CFNetwork.framework in Frameworks */ = {isa = PBXBuildFile; fileRef = 7BC0DBD71CBA33AC005A8070 /* CFNetwork.framework */; };
		7BC0DBDA1CBA33B0005A8070 /* Security.framework in Frameworks */ = {isa = PBXBuildFile; fileRef = 7BC0DBD91CBA33B0005A8070 /* Security.framework */; };
		7BC0DBDC1CBA33B6005A8070 /* SystemConfiguration.framework in Frameworks */ = {isa = PBXBuildFile; fileRef = 7BC0DBDB1CBA33B6005A8070 /* SystemConfiguration.framework */; };
		7BC0DBDE1CBA3929005A8070 /* BaseService.swift in Sources */ = {isa = PBXBuildFile; fileRef = 7BC0DBDD1CBA3929005A8070 /* BaseService.swift */; };
		7BC1AD1B1CB1C3B900C616CD /* RatingControl.swift in Sources */ = {isa = PBXBuildFile; fileRef = 7BC1AD1A1CB1C3B900C616CD /* RatingControl.swift */; };
		7BC1AD1D1CB1E9D400C616CD /* Movie.swift in Sources */ = {isa = PBXBuildFile; fileRef = 7BC1AD1C1CB1E9D400C616CD /* Movie.swift */; };
		7BC1AD1F1CB2029900C616CD /* MovieTableViewCell.swift in Sources */ = {isa = PBXBuildFile; fileRef = 7BC1AD1E1CB2029900C616CD /* MovieTableViewCell.swift */; };
		7BC1AD221CB2086400C616CD /* MovieTableViewController.swift in Sources */ = {isa = PBXBuildFile; fileRef = 7BC1AD201CB2086400C616CD /* MovieTableViewController.swift */; };
		7BC1AD231CB2086400C616CD /* MovieTableViewController.xib in Resources */ = {isa = PBXBuildFile; fileRef = 7BC1AD211CB2086400C616CD /* MovieTableViewController.xib */; };
		7BC345491CBC6DCA0007C33B /* SearchTabViewController.swift in Sources */ = {isa = PBXBuildFile; fileRef = 7BC345481CBC6DCA0007C33B /* SearchTabViewController.swift */; };
		7BC3454B1CBC6DE40007C33B /* ProfileTabViewController.swift in Sources */ = {isa = PBXBuildFile; fileRef = 7BC3454A1CBC6DE40007C33B /* ProfileTabViewController.swift */; };
		7BC3454D1CBC6DF10007C33B /* RatingsTabViewController.swift in Sources */ = {isa = PBXBuildFile; fileRef = 7BC3454C1CBC6DF10007C33B /* RatingsTabViewController.swift */; };
		7BDAB1EF1CBDED2300B6A6CF /* DisplayMovieViewController.swift in Sources */ = {isa = PBXBuildFile; fileRef = 7BDAB1EE1CBDED2300B6A6CF /* DisplayMovieViewController.swift */; };
		E6899D52343ACDF61443A38E /* Pods.framework in Frameworks */ = {isa = PBXBuildFile; fileRef = 4E48C5623E02985730C0DB76 /* Pods.framework */; };
/* End PBXBuildFile section */

/* Begin PBXContainerItemProxy section */
		7B3F85F11CAEEB7B00CEBA36 /* PBXContainerItemProxy */ = {
			isa = PBXContainerItemProxy;
			containerPortal = 7B3F85D41CAEEB7A00CEBA36 /* Project object */;
			proxyType = 1;
			remoteGlobalIDString = 7B3F85DB1CAEEB7A00CEBA36;
			remoteInfo = "Buzz Movie iOS";
		};
		7B3F85FC1CAEEB7B00CEBA36 /* PBXContainerItemProxy */ = {
			isa = PBXContainerItemProxy;
			containerPortal = 7B3F85D41CAEEB7A00CEBA36 /* Project object */;
			proxyType = 1;
			remoteGlobalIDString = 7B3F85DB1CAEEB7A00CEBA36;
			remoteInfo = "Buzz Movie iOS";
		};
/* End PBXContainerItemProxy section */

/* Begin PBXFileReference section */
		3D7964E1D61DAFEB431AC424 /* Pods_Buzz_Movie_iOS.framework */ = {isa = PBXFileReference; explicitFileType = wrapper.framework; includeInIndex = 0; path = Pods_Buzz_Movie_iOS.framework; sourceTree = BUILT_PRODUCTS_DIR; };
		4E48C5623E02985730C0DB76 /* Pods.framework */ = {isa = PBXFileReference; explicitFileType = wrapper.framework; includeInIndex = 0; path = Pods.framework; sourceTree = BUILT_PRODUCTS_DIR; };
		66D165111579AD29E0ADC441 /* Pods.release.xcconfig */ = {isa = PBXFileReference; includeInIndex = 1; lastKnownFileType = text.xcconfig; name = Pods.release.xcconfig; path = "Pods/Target Support Files/Pods/Pods.release.xcconfig"; sourceTree = "<group>"; };
		7B0266141CBA543F005B36A2 /* Firebase.framework */ = {isa = PBXFileReference; lastKnownFileType = wrapper.framework; path = Firebase.framework; sourceTree = "<group>"; };
		7B3F85DC1CAEEB7A00CEBA36 /* Buzz Movie iOS.app */ = {isa = PBXFileReference; explicitFileType = wrapper.application; includeInIndex = 0; path = "Buzz Movie iOS.app"; sourceTree = BUILT_PRODUCTS_DIR; };
		7B3F85DF1CAEEB7A00CEBA36 /* AppDelegate.swift */ = {isa = PBXFileReference; lastKnownFileType = sourcecode.swift; path = AppDelegate.swift; sourceTree = "<group>"; };
		7B3F85E11CAEEB7A00CEBA36 /* MovieViewController.swift */ = {isa = PBXFileReference; lastKnownFileType = sourcecode.swift; path = MovieViewController.swift; sourceTree = "<group>"; };
		7B3F85E61CAEEB7A00CEBA36 /* Assets.xcassets */ = {isa = PBXFileReference; lastKnownFileType = folder.assetcatalog; path = Assets.xcassets; sourceTree = "<group>"; };
		7B3F85EB1CAEEB7A00CEBA36 /* Info.plist */ = {isa = PBXFileReference; lastKnownFileType = text.plist.xml; path = Info.plist; sourceTree = "<group>"; };
		7B3F85F01CAEEB7B00CEBA36 /* Buzz Movie iOSTests.xctest */ = {isa = PBXFileReference; explicitFileType = wrapper.cfbundle; includeInIndex = 0; path = "Buzz Movie iOSTests.xctest"; sourceTree = BUILT_PRODUCTS_DIR; };
		7B3F85F41CAEEB7B00CEBA36 /* Buzz_Movie_iOSTests.swift */ = {isa = PBXFileReference; lastKnownFileType = sourcecode.swift; path = Buzz_Movie_iOSTests.swift; sourceTree = "<group>"; };
		7B3F85F61CAEEB7B00CEBA36 /* Info.plist */ = {isa = PBXFileReference; lastKnownFileType = text.plist.xml; path = Info.plist; sourceTree = "<group>"; };
		7B3F85FB1CAEEB7B00CEBA36 /* Buzz Movie iOSUITests.xctest */ = {isa = PBXFileReference; explicitFileType = wrapper.cfbundle; includeInIndex = 0; path = "Buzz Movie iOSUITests.xctest"; sourceTree = BUILT_PRODUCTS_DIR; };
		7B3F85FF1CAEEB7B00CEBA36 /* Buzz_Movie_iOSUITests.swift */ = {isa = PBXFileReference; lastKnownFileType = sourcecode.swift; path = Buzz_Movie_iOSUITests.swift; sourceTree = "<group>"; };
		7B3F86011CAEEB7B00CEBA36 /* Info.plist */ = {isa = PBXFileReference; lastKnownFileType = text.plist.xml; path = Info.plist; sourceTree = "<group>"; };
		7B67572D1CBAE2E400F4721C /* Base */ = {isa = PBXFileReference; lastKnownFileType = file.storyboard; name = Base; path = Base.lproj/Main.storyboard; sourceTree = "<group>"; };
		7BA35C981CBA412600AF26F7 /* LoginViewController.swift */ = {isa = PBXFileReference; fileEncoding = 4; lastKnownFileType = sourcecode.swift; path = LoginViewController.swift; sourceTree = "<group>"; };
		7BA35C9A1CBA414100AF26F7 /* CreateAccountViewController.swift */ = {isa = PBXFileReference; fileEncoding = 4; lastKnownFileType = sourcecode.swift; path = CreateAccountViewController.swift; sourceTree = "<group>"; };
		7BB1BEDF1CBCD74200531061 /* EditProfileViewController.swift */ = {isa = PBXFileReference; fileEncoding = 4; lastKnownFileType = sourcecode.swift; path = EditProfileViewController.swift; sourceTree = "<group>"; };
		7BC0DBD31CBA33A1005A8070 /* libicucore.tbd */ = {isa = PBXFileReference; lastKnownFileType = "sourcecode.text-based-dylib-definition"; name = libicucore.tbd; path = usr/lib/libicucore.tbd; sourceTree = SDKROOT; };
		7BC0DBD51CBA33A7005A8070 /* libc++.tbd */ = {isa = PBXFileReference; lastKnownFileType = "sourcecode.text-based-dylib-definition"; name = "libc++.tbd"; path = "usr/lib/libc++.tbd"; sourceTree = SDKROOT; };
		7BC0DBD71CBA33AC005A8070 /* CFNetwork.framework */ = {isa = PBXFileReference; lastKnownFileType = wrapper.framework; name = CFNetwork.framework; path = System/Library/Frameworks/CFNetwork.framework; sourceTree = SDKROOT; };
		7BC0DBD91CBA33B0005A8070 /* Security.framework */ = {isa = PBXFileReference; lastKnownFileType = wrapper.framework; name = Security.framework; path = System/Library/Frameworks/Security.framework; sourceTree = SDKROOT; };
		7BC0DBDB1CBA33B6005A8070 /* SystemConfiguration.framework */ = {isa = PBXFileReference; lastKnownFileType = wrapper.framework; name = SystemConfiguration.framework; path = System/Library/Frameworks/SystemConfiguration.framework; sourceTree = SDKROOT; };
		7BC0DBDD1CBA3929005A8070 /* BaseService.swift */ = {isa = PBXFileReference; fileEncoding = 4; lastKnownFileType = sourcecode.swift; path = BaseService.swift; sourceTree = "<group>"; };
		7BC1AD1A1CB1C3B900C616CD /* RatingControl.swift */ = {isa = PBXFileReference; fileEncoding = 4; lastKnownFileType = sourcecode.swift; path = RatingControl.swift; sourceTree = "<group>"; };
		7BC1AD1C1CB1E9D400C616CD /* Movie.swift */ = {isa = PBXFileReference; fileEncoding = 4; lastKnownFileType = sourcecode.swift; path = Movie.swift; sourceTree = "<group>"; };
		7BC1AD1E1CB2029900C616CD /* MovieTableViewCell.swift */ = {isa = PBXFileReference; fileEncoding = 4; lastKnownFileType = sourcecode.swift; path = MovieTableViewCell.swift; sourceTree = "<group>"; };
		7BC1AD201CB2086400C616CD /* MovieTableViewController.swift */ = {isa = PBXFileReference; fileEncoding = 4; lastKnownFileType = sourcecode.swift; path = MovieTableViewController.swift; sourceTree = "<group>"; };
		7BC1AD211CB2086400C616CD /* MovieTableViewController.xib */ = {isa = PBXFileReference; fileEncoding = 4; lastKnownFileType = file.xib; path = MovieTableViewController.xib; sourceTree = "<group>"; };
		7BC345481CBC6DCA0007C33B /* SearchTabViewController.swift */ = {isa = PBXFileReference; fileEncoding = 4; lastKnownFileType = sourcecode.swift; path = SearchTabViewController.swift; sourceTree = "<group>"; };
		7BC3454A1CBC6DE40007C33B /* ProfileTabViewController.swift */ = {isa = PBXFileReference; fileEncoding = 4; lastKnownFileType = sourcecode.swift; path = ProfileTabViewController.swift; sourceTree = "<group>"; };
		7BC3454C1CBC6DF10007C33B /* RatingsTabViewController.swift */ = {isa = PBXFileReference; fileEncoding = 4; lastKnownFileType = sourcecode.swift; path = RatingsTabViewController.swift; sourceTree = "<group>"; };
		7BDAB1EE1CBDED2300B6A6CF /* DisplayMovieViewController.swift */ = {isa = PBXFileReference; fileEncoding = 4; lastKnownFileType = sourcecode.swift; path = DisplayMovieViewController.swift; sourceTree = "<group>"; };
		ECA40D8CA56C77180D57B6E1 /* Pods.debug.xcconfig */ = {isa = PBXFileReference; includeInIndex = 1; lastKnownFileType = text.xcconfig; name = Pods.debug.xcconfig; path = "Pods/Target Support Files/Pods/Pods.debug.xcconfig"; sourceTree = "<group>"; };
/* End PBXFileReference section */

/* Begin PBXFrameworksBuildPhase section */
		7B3F85D91CAEEB7A00CEBA36 /* Frameworks */ = {
			isa = PBXFrameworksBuildPhase;
			buildActionMask = 2147483647;
			files = (
				7BC0DBDC1CBA33B6005A8070 /* SystemConfiguration.framework in Frameworks */,
				7BC0DBDA1CBA33B0005A8070 /* Security.framework in Frameworks */,
				7BC0DBD81CBA33AC005A8070 /* CFNetwork.framework in Frameworks */,
				7B0266151CBA543F005B36A2 /* Firebase.framework in Frameworks */,
				7BC0DBD61CBA33A7005A8070 /* libc++.tbd in Frameworks */,
				7BC0DBD41CBA33A1005A8070 /* libicucore.tbd in Frameworks */,
				E6899D52343ACDF61443A38E /* Pods.framework in Frameworks */,
			);
			runOnlyForDeploymentPostprocessing = 0;
		};
		7B3F85ED1CAEEB7B00CEBA36 /* Frameworks */ = {
			isa = PBXFrameworksBuildPhase;
			buildActionMask = 2147483647;
			files = (
			);
			runOnlyForDeploymentPostprocessing = 0;
		};
		7B3F85F81CAEEB7B00CEBA36 /* Frameworks */ = {
			isa = PBXFrameworksBuildPhase;
			buildActionMask = 2147483647;
			files = (
			);
			runOnlyForDeploymentPostprocessing = 0;
		};
/* End PBXFrameworksBuildPhase section */

/* Begin PBXGroup section */
		60DC661C0239E35510DF8C85 /* Pods */ = {
			isa = PBXGroup;
			children = (
				ECA40D8CA56C77180D57B6E1 /* Pods.debug.xcconfig */,
				66D165111579AD29E0ADC441 /* Pods.release.xcconfig */,
			);
			name = Pods;
			sourceTree = "<group>";
		};
		7B3F85D31CAEEB7A00CEBA36 = {
			isa = PBXGroup;
			children = (
				7B3F85DE1CAEEB7A00CEBA36 /* Buzz Movie iOS */,
				7B3F85F31CAEEB7B00CEBA36 /* Buzz Movie iOSTests */,
				7B3F85FE1CAEEB7B00CEBA36 /* Buzz Movie iOSUITests */,
				7B3F85DD1CAEEB7A00CEBA36 /* Products */,
				60DC661C0239E35510DF8C85 /* Pods */,
				E1DB4451A72DB5BDB8E5D799 /* Frameworks */,
			);
			sourceTree = "<group>";
		};
		7B3F85DD1CAEEB7A00CEBA36 /* Products */ = {
			isa = PBXGroup;
			children = (
				7B3F85DC1CAEEB7A00CEBA36 /* Buzz Movie iOS.app */,
				7B3F85F01CAEEB7B00CEBA36 /* Buzz Movie iOSTests.xctest */,
				7B3F85FB1CAEEB7B00CEBA36 /* Buzz Movie iOSUITests.xctest */,
			);
			name = Products;
			sourceTree = "<group>";
		};
		7B3F85DE1CAEEB7A00CEBA36 /* Buzz Movie iOS */ = {
			isa = PBXGroup;
			children = (
				7B3F85DF1CAEEB7A00CEBA36 /* AppDelegate.swift */,
				7B3F85E11CAEEB7A00CEBA36 /* MovieViewController.swift */,
				7BA35C981CBA412600AF26F7 /* LoginViewController.swift */,
				7BA35C9A1CBA414100AF26F7 /* CreateAccountViewController.swift */,
				7BC345481CBC6DCA0007C33B /* SearchTabViewController.swift */,
				7BC3454A1CBC6DE40007C33B /* ProfileTabViewController.swift */,
				7BC3454C1CBC6DF10007C33B /* RatingsTabViewController.swift */,
				7BB1BEDF1CBCD74200531061 /* EditProfileViewController.swift */,
				7BC0DBDD1CBA3929005A8070 /* BaseService.swift */,
				7BC1AD1E1CB2029900C616CD /* MovieTableViewCell.swift */,
				7BC1AD1C1CB1E9D400C616CD /* Movie.swift */,
				7BDAB1EE1CBDED2300B6A6CF /* DisplayMovieViewController.swift */,
				7B3F85E61CAEEB7A00CEBA36 /* Assets.xcassets */,
				7BC1AD201CB2086400C616CD /* MovieTableViewController.swift */,
				7B67572C1CBAE2E400F4721C /* Main.storyboard */,
				7BC1AD211CB2086400C616CD /* MovieTableViewController.xib */,
				7B3F85EB1CAEEB7A00CEBA36 /* Info.plist */,
				7B0266141CBA543F005B36A2 /* Firebase.framework */,
				7BC1AD1A1CB1C3B900C616CD /* RatingControl.swift */,
			);
			path = "Buzz Movie iOS";
			sourceTree = "<group>";
		};
		7B3F85F31CAEEB7B00CEBA36 /* Buzz Movie iOSTests */ = {
			isa = PBXGroup;
			children = (
				7B3F85F41CAEEB7B00CEBA36 /* Buzz_Movie_iOSTests.swift */,
				7B3F85F61CAEEB7B00CEBA36 /* Info.plist */,
			);
			path = "Buzz Movie iOSTests";
			sourceTree = "<group>";
		};
		7B3F85FE1CAEEB7B00CEBA36 /* Buzz Movie iOSUITests */ = {
			isa = PBXGroup;
			children = (
				7B3F85FF1CAEEB7B00CEBA36 /* Buzz_Movie_iOSUITests.swift */,
				7B3F86011CAEEB7B00CEBA36 /* Info.plist */,
			);
			path = "Buzz Movie iOSUITests";
			sourceTree = "<group>";
		};
		E1DB4451A72DB5BDB8E5D799 /* Frameworks */ = {
			isa = PBXGroup;
			children = (
				7BC0DBDB1CBA33B6005A8070 /* SystemConfiguration.framework */,
				7BC0DBD91CBA33B0005A8070 /* Security.framework */,
				7BC0DBD71CBA33AC005A8070 /* CFNetwork.framework */,
				7BC0DBD51CBA33A7005A8070 /* libc++.tbd */,
				7BC0DBD31CBA33A1005A8070 /* libicucore.tbd */,
				4E48C5623E02985730C0DB76 /* Pods.framework */,
				3D7964E1D61DAFEB431AC424 /* Pods_Buzz_Movie_iOS.framework */,
			);
			name = Frameworks;
			sourceTree = "<group>";
		};
/* End PBXGroup section */

/* Begin PBXNativeTarget section */
		7B3F85DB1CAEEB7A00CEBA36 /* Buzz Movie iOS */ = {
			isa = PBXNativeTarget;
			buildConfigurationList = 7B3F86041CAEEB7B00CEBA36 /* Build configuration list for PBXNativeTarget "Buzz Movie iOS" */;
			buildPhases = (
				0CDFB47C3160539A7F579662 /* Check Pods Manifest.lock */,
				7B3F85D81CAEEB7A00CEBA36 /* Sources */,
				7B3F85D91CAEEB7A00CEBA36 /* Frameworks */,
				7B3F85DA1CAEEB7A00CEBA36 /* Resources */,
				28C553603DD5D5B4C4D4B798 /* Embed Pods Frameworks */,
				B947C28E0EEE68777B196435 /* Copy Pods Resources */,
			);
			buildRules = (
			);
			dependencies = (
			);
			name = "Buzz Movie iOS";
			productName = "Buzz Movie iOS";
			productReference = 7B3F85DC1CAEEB7A00CEBA36 /* Buzz Movie iOS.app */;
			productType = "com.apple.product-type.application";
		};
		7B3F85EF1CAEEB7B00CEBA36 /* Buzz Movie iOSTests */ = {
			isa = PBXNativeTarget;
			buildConfigurationList = 7B3F86071CAEEB7B00CEBA36 /* Build configuration list for PBXNativeTarget "Buzz Movie iOSTests" */;
			buildPhases = (
				7B3F85EC1CAEEB7B00CEBA36 /* Sources */,
				7B3F85ED1CAEEB7B00CEBA36 /* Frameworks */,
				7B3F85EE1CAEEB7B00CEBA36 /* Resources */,
			);
			buildRules = (
			);
			dependencies = (
				7B3F85F21CAEEB7B00CEBA36 /* PBXTargetDependency */,
			);
			name = "Buzz Movie iOSTests";
			productName = "Buzz Movie iOSTests";
			productReference = 7B3F85F01CAEEB7B00CEBA36 /* Buzz Movie iOSTests.xctest */;
			productType = "com.apple.product-type.bundle.unit-test";
		};
		7B3F85FA1CAEEB7B00CEBA36 /* Buzz Movie iOSUITests */ = {
			isa = PBXNativeTarget;
			buildConfigurationList = 7B3F860A1CAEEB7B00CEBA36 /* Build configuration list for PBXNativeTarget "Buzz Movie iOSUITests" */;
			buildPhases = (
				7B3F85F71CAEEB7B00CEBA36 /* Sources */,
				7B3F85F81CAEEB7B00CEBA36 /* Frameworks */,
				7B3F85F91CAEEB7B00CEBA36 /* Resources */,
			);
			buildRules = (
			);
			dependencies = (
				7B3F85FD1CAEEB7B00CEBA36 /* PBXTargetDependency */,
			);
			name = "Buzz Movie iOSUITests";
			productName = "Buzz Movie iOSUITests";
			productReference = 7B3F85FB1CAEEB7B00CEBA36 /* Buzz Movie iOSUITests.xctest */;
			productType = "com.apple.product-type.bundle.ui-testing";
		};
/* End PBXNativeTarget section */

/* Begin PBXProject section */
		7B3F85D41CAEEB7A00CEBA36 /* Project object */ = {
			isa = PBXProject;
			attributes = {
				LastSwiftUpdateCheck = 0730;
				LastUpgradeCheck = 0730;
				ORGANIZATIONNAME = "2b||!2b";
				TargetAttributes = {
					7B3F85DB1CAEEB7A00CEBA36 = {
						CreatedOnToolsVersion = 7.3;
						DevelopmentTeam = 7PMT3SJ27H;
					};
					7B3F85EF1CAEEB7B00CEBA36 = {
						CreatedOnToolsVersion = 7.3;
						TestTargetID = 7B3F85DB1CAEEB7A00CEBA36;
					};
					7B3F85FA1CAEEB7B00CEBA36 = {
						CreatedOnToolsVersion = 7.3;
						TestTargetID = 7B3F85DB1CAEEB7A00CEBA36;
					};
				};
			};
			buildConfigurationList = 7B3F85D71CAEEB7A00CEBA36 /* Build configuration list for PBXProject "Buzz Movie iOS" */;
			compatibilityVersion = "Xcode 3.2";
			developmentRegion = English;
			hasScannedForEncodings = 0;
			knownRegions = (
				en,
				Base,
			);
			mainGroup = 7B3F85D31CAEEB7A00CEBA36;
			productRefGroup = 7B3F85DD1CAEEB7A00CEBA36 /* Products */;
			projectDirPath = "";
			projectRoot = "";
			targets = (
				7B3F85DB1CAEEB7A00CEBA36 /* Buzz Movie iOS */,
				7B3F85EF1CAEEB7B00CEBA36 /* Buzz Movie iOSTests */,
				7B3F85FA1CAEEB7B00CEBA36 /* Buzz Movie iOSUITests */,
			);
		};
/* End PBXProject section */

/* Begin PBXResourcesBuildPhase section */
		7B3F85DA1CAEEB7A00CEBA36 /* Resources */ = {
			isa = PBXResourcesBuildPhase;
			buildActionMask = 2147483647;
			files = (
				7B67572E1CBAE2E400F4721C /* Main.storyboard in Resources */,
				7B3F85E71CAEEB7A00CEBA36 /* Assets.xcassets in Resources */,
				7BC1AD231CB2086400C616CD /* MovieTableViewController.xib in Resources */,
			);
			runOnlyForDeploymentPostprocessing = 0;
		};
		7B3F85EE1CAEEB7B00CEBA36 /* Resources */ = {
			isa = PBXResourcesBuildPhase;
			buildActionMask = 2147483647;
			files = (
			);
			runOnlyForDeploymentPostprocessing = 0;
		};
		7B3F85F91CAEEB7B00CEBA36 /* Resources */ = {
			isa = PBXResourcesBuildPhase;
			buildActionMask = 2147483647;
			files = (
			);
			runOnlyForDeploymentPostprocessing = 0;
		};
/* End PBXResourcesBuildPhase section */

/* Begin PBXShellScriptBuildPhase section */
		0CDFB47C3160539A7F579662 /* Check Pods Manifest.lock */ = {
			isa = PBXShellScriptBuildPhase;
			buildActionMask = 2147483647;
			files = (
			);
			inputPaths = (
			);
			name = "Check Pods Manifest.lock";
			outputPaths = (
			);
			runOnlyForDeploymentPostprocessing = 0;
			shellPath = /bin/sh;
			shellScript = "diff \"${PODS_ROOT}/../Podfile.lock\" \"${PODS_ROOT}/Manifest.lock\" > /dev/null\nif [[ $? != 0 ]] ; then\n    cat << EOM\nerror: The sandbox is not in sync with the Podfile.lock. Run 'pod install' or update your CocoaPods installation.\nEOM\n    exit 1\nfi\n";
			showEnvVarsInLog = 0;
		};
		28C553603DD5D5B4C4D4B798 /* Embed Pods Frameworks */ = {
			isa = PBXShellScriptBuildPhase;
			buildActionMask = 2147483647;
			files = (
			);
			inputPaths = (
			);
			name = "Embed Pods Frameworks";
			outputPaths = (
			);
			runOnlyForDeploymentPostprocessing = 0;
			shellPath = /bin/sh;
			shellScript = "\"${SRCROOT}/Pods/Target Support Files/Pods/Pods-frameworks.sh\"\n";
			showEnvVarsInLog = 0;
		};
		B947C28E0EEE68777B196435 /* Copy Pods Resources */ = {
			isa = PBXShellScriptBuildPhase;
			buildActionMask = 2147483647;
			files = (
			);
			inputPaths = (
			);
			name = "Copy Pods Resources";
			outputPaths = (
			);
			runOnlyForDeploymentPostprocessing = 0;
			shellPath = /bin/sh;
			shellScript = "\"${SRCROOT}/Pods/Target Support Files/Pods/Pods-resources.sh\"\n";
			showEnvVarsInLog = 0;
		};
/* End PBXShellScriptBuildPhase section */

/* Begin PBXSourcesBuildPhase section */
		7B3F85D81CAEEB7A00CEBA36 /* Sources */ = {
			isa = PBXSourcesBuildPhase;
			buildActionMask = 2147483647;
			files = (
				7BB1BEE01CBCD74200531061 /* EditProfileViewController.swift in Sources */,
				7B3F85E21CAEEB7A00CEBA36 /* MovieViewController.swift in Sources */,
				7BC1AD1B1CB1C3B900C616CD /* RatingControl.swift in Sources */,
				7BC1AD1D1CB1E9D400C616CD /* Movie.swift in Sources */,
				7B3F85E01CAEEB7A00CEBA36 /* AppDelegate.swift in Sources */,
				7BA35C991CBA412600AF26F7 /* LoginViewController.swift in Sources */,
				7BC0DBDE1CBA3929005A8070 /* BaseService.swift in Sources */,
				7BA35C9B1CBA414100AF26F7 /* CreateAccountViewController.swift in Sources */,
				7BC3454B1CBC6DE40007C33B /* ProfileTabViewController.swift in Sources */,
				7BC1AD221CB2086400C616CD /* MovieTableViewController.swift in Sources */,
				7BC1AD1F1CB2029900C616CD /* MovieTableViewCell.swift in Sources */,
				7BC345491CBC6DCA0007C33B /* SearchTabViewController.swift in Sources */,
				7BDAB1EF1CBDED2300B6A6CF /* DisplayMovieViewController.swift in Sources */,
				7BC3454D1CBC6DF10007C33B /* RatingsTabViewController.swift in Sources */,
			);
			runOnlyForDeploymentPostprocessing = 0;
		};
		7B3F85EC1CAEEB7B00CEBA36 /* Sources */ = {
			isa = PBXSourcesBuildPhase;
			buildActionMask = 2147483647;
			files = (
				7B3F85F51CAEEB7B00CEBA36 /* Buzz_Movie_iOSTests.swift in Sources */,
			);
			runOnlyForDeploymentPostprocessing = 0;
		};
		7B3F85F71CAEEB7B00CEBA36 /* Sources */ = {
			isa = PBXSourcesBuildPhase;
			buildActionMask = 2147483647;
			files = (
				7B3F86001CAEEB7B00CEBA36 /* Buzz_Movie_iOSUITests.swift in Sources */,
			);
			runOnlyForDeploymentPostprocessing = 0;
		};
/* End PBXSourcesBuildPhase section */

/* Begin PBXTargetDependency section */
		7B3F85F21CAEEB7B00CEBA36 /* PBXTargetDependency */ = {
			isa = PBXTargetDependency;
			target = 7B3F85DB1CAEEB7A00CEBA36 /* Buzz Movie iOS */;
			targetProxy = 7B3F85F11CAEEB7B00CEBA36 /* PBXContainerItemProxy */;
		};
		7B3F85FD1CAEEB7B00CEBA36 /* PBXTargetDependency */ = {
			isa = PBXTargetDependency;
			target = 7B3F85DB1CAEEB7A00CEBA36 /* Buzz Movie iOS */;
			targetProxy = 7B3F85FC1CAEEB7B00CEBA36 /* PBXContainerItemProxy */;
		};
/* End PBXTargetDependency section */

/* Begin PBXVariantGroup section */
		7B67572C1CBAE2E400F4721C /* Main.storyboard */ = {
			isa = PBXVariantGroup;
			children = (
				7B67572D1CBAE2E400F4721C /* Base */,
			);
			name = Main.storyboard;
			sourceTree = "<group>";
		};
/* End PBXVariantGroup section */

/* Begin XCBuildConfiguration section */
		7B3F86021CAEEB7B00CEBA36 /* Debug */ = {
			isa = XCBuildConfiguration;
			buildSettings = {
				ALWAYS_SEARCH_USER_PATHS = NO;
				CLANG_ANALYZER_NONNULL = YES;
				CLANG_CXX_LANGUAGE_STANDARD = "gnu++0x";
				CLANG_CXX_LIBRARY = "libc++";
				CLANG_ENABLE_MODULES = YES;
				CLANG_ENABLE_OBJC_ARC = YES;
				CLANG_WARN_BOOL_CONVERSION = YES;
				CLANG_WARN_CONSTANT_CONVERSION = YES;
				CLANG_WARN_DIRECT_OBJC_ISA_USAGE = YES_ERROR;
				CLANG_WARN_EMPTY_BODY = YES;
				CLANG_WARN_ENUM_CONVERSION = YES;
				CLANG_WARN_INT_CONVERSION = YES;
				CLANG_WARN_OBJC_ROOT_CLASS = YES_ERROR;
				CLANG_WARN_UNREACHABLE_CODE = YES;
				CLANG_WARN__DUPLICATE_METHOD_MATCH = YES;
				"CODE_SIGN_IDENTITY[sdk=iphoneos*]" = "iPhone Developer";
				COPY_PHASE_STRIP = NO;
				DEBUG_INFORMATION_FORMAT = dwarf;
				ENABLE_STRICT_OBJC_MSGSEND = YES;
				ENABLE_TESTABILITY = YES;
				GCC_C_LANGUAGE_STANDARD = gnu99;
				GCC_DYNAMIC_NO_PIC = NO;
				GCC_NO_COMMON_BLOCKS = YES;
				GCC_OPTIMIZATION_LEVEL = 0;
				GCC_PREPROCESSOR_DEFINITIONS = (
					"DEBUG=1",
					"$(inherited)",
				);
				GCC_WARN_64_TO_32_BIT_CONVERSION = YES;
				GCC_WARN_ABOUT_RETURN_TYPE = YES_ERROR;
				GCC_WARN_UNDECLARED_SELECTOR = YES;
				GCC_WARN_UNINITIALIZED_AUTOS = YES_AGGRESSIVE;
				GCC_WARN_UNUSED_FUNCTION = YES;
				GCC_WARN_UNUSED_VARIABLE = YES;
				IPHONEOS_DEPLOYMENT_TARGET = 9.0;
				MTL_ENABLE_DEBUG_INFO = YES;
				ONLY_ACTIVE_ARCH = YES;
				SDKROOT = iphoneos;
				SWIFT_OPTIMIZATION_LEVEL = "-Onone";
				TARGETED_DEVICE_FAMILY = "1,2";
			};
			name = Debug;
		};
		7B3F86031CAEEB7B00CEBA36 /* Release */ = {
			isa = XCBuildConfiguration;
			buildSettings = {
				ALWAYS_SEARCH_USER_PATHS = NO;
				CLANG_ANALYZER_NONNULL = YES;
				CLANG_CXX_LANGUAGE_STANDARD = "gnu++0x";
				CLANG_CXX_LIBRARY = "libc++";
				CLANG_ENABLE_MODULES = YES;
				CLANG_ENABLE_OBJC_ARC = YES;
				CLANG_WARN_BOOL_CONVERSION = YES;
				CLANG_WARN_CONSTANT_CONVERSION = YES;
				CLANG_WARN_DIRECT_OBJC_ISA_USAGE = YES_ERROR;
				CLANG_WARN_EMPTY_BODY = YES;
				CLANG_WARN_ENUM_CONVERSION = YES;
				CLANG_WARN_INT_CONVERSION = YES;
				CLANG_WARN_OBJC_ROOT_CLASS = YES_ERROR;
				CLANG_WARN_UNREACHABLE_CODE = YES;
				CLANG_WARN__DUPLICATE_METHOD_MATCH = YES;
				"CODE_SIGN_IDENTITY[sdk=iphoneos*]" = "iPhone Developer";
				COPY_PHASE_STRIP = NO;
				DEBUG_INFORMATION_FORMAT = "dwarf-with-dsym";
				ENABLE_NS_ASSERTIONS = NO;
				ENABLE_STRICT_OBJC_MSGSEND = YES;
				GCC_C_LANGUAGE_STANDARD = gnu99;
				GCC_NO_COMMON_BLOCKS = YES;
				GCC_WARN_64_TO_32_BIT_CONVERSION = YES;
				GCC_WARN_ABOUT_RETURN_TYPE = YES_ERROR;
				GCC_WARN_UNDECLARED_SELECTOR = YES;
				GCC_WARN_UNINITIALIZED_AUTOS = YES_AGGRESSIVE;
				GCC_WARN_UNUSED_FUNCTION = YES;
				GCC_WARN_UNUSED_VARIABLE = YES;
				IPHONEOS_DEPLOYMENT_TARGET = 9.0;
				MTL_ENABLE_DEBUG_INFO = NO;
				SDKROOT = iphoneos;
				TARGETED_DEVICE_FAMILY = "1,2";
				VALIDATE_PRODUCT = YES;
			};
			name = Release;
		};
		7B3F86051CAEEB7B00CEBA36 /* Debug */ = {
			isa = XCBuildConfiguration;
			baseConfigurationReference = ECA40D8CA56C77180D57B6E1 /* Pods.debug.xcconfig */;
			buildSettings = {
				ASSETCATALOG_COMPILER_APPICON_NAME = AppIcon;
				CODE_SIGN_IDENTITY = "iPhone Developer";
				FRAMEWORK_SEARCH_PATHS = "";
				INFOPLIST_FILE = "Buzz Movie iOS/Info.plist";
				IPHONEOS_DEPLOYMENT_TARGET = 9.0;
				LD_RUNPATH_SEARCH_PATHS = "$(inherited) @executable_path/Frameworks";
				PRODUCT_BUNDLE_IDENTIFIER = "CS2340.Buzz-Movie-iOS";
				PRODUCT_NAME = "$(TARGET_NAME)";
			};
			name = Debug;
		};
		7B3F86061CAEEB7B00CEBA36 /* Release */ = {
			isa = XCBuildConfiguration;
			baseConfigurationReference = 66D165111579AD29E0ADC441 /* Pods.release.xcconfig */;
			buildSettings = {
				ASSETCATALOG_COMPILER_APPICON_NAME = AppIcon;
				CODE_SIGN_IDENTITY = "iPhone Developer";
				FRAMEWORK_SEARCH_PATHS = "";
				INFOPLIST_FILE = "Buzz Movie iOS/Info.plist";
				IPHONEOS_DEPLOYMENT_TARGET = 9.0;
				LD_RUNPATH_SEARCH_PATHS = "$(inherited) @executable_path/Frameworks";
				PRODUCT_BUNDLE_IDENTIFIER = "CS2340.Buzz-Movie-iOS";
				PRODUCT_NAME = "$(TARGET_NAME)";
			};
			name = Release;
		};
		7B3F86081CAEEB7B00CEBA36 /* Debug */ = {
			isa = XCBuildConfiguration;
			buildSettings = {
				BUNDLE_LOADER = "$(TEST_HOST)";
				INFOPLIST_FILE = "Buzz Movie iOSTests/Info.plist";
				LD_RUNPATH_SEARCH_PATHS = "$(inherited) @executable_path/Frameworks @loader_path/Frameworks";
				PRODUCT_BUNDLE_IDENTIFIER = "CS2340.Buzz-Movie-iOSTests";
				PRODUCT_NAME = "$(TARGET_NAME)";
				TEST_HOST = "$(BUILT_PRODUCTS_DIR)/Buzz Movie iOS.app/Buzz Movie iOS";
			};
			name = Debug;
		};
		7B3F86091CAEEB7B00CEBA36 /* Release */ = {
			isa = XCBuildConfiguration;
			buildSettings = {
				BUNDLE_LOADER = "$(TEST_HOST)";
				INFOPLIST_FILE = "Buzz Movie iOSTests/Info.plist";
				LD_RUNPATH_SEARCH_PATHS = "$(inherited) @executable_path/Frameworks @loader_path/Frameworks";
				PRODUCT_BUNDLE_IDENTIFIER = "CS2340.Buzz-Movie-iOSTests";
				PRODUCT_NAME = "$(TARGET_NAME)";
				TEST_HOST = "$(BUILT_PRODUCTS_DIR)/Buzz Movie iOS.app/Buzz Movie iOS";
			};
			name = Release;
		};
		7B3F860B1CAEEB7B00CEBA36 /* Debug */ = {
			isa = XCBuildConfiguration;
			buildSettings = {
				INFOPLIST_FILE = "Buzz Movie iOSUITests/Info.plist";
				LD_RUNPATH_SEARCH_PATHS = "$(inherited) @executable_path/Frameworks @loader_path/Frameworks";
				PRODUCT_BUNDLE_IDENTIFIER = "CS2340.Buzz-Movie-iOSUITests";
				PRODUCT_NAME = "$(TARGET_NAME)";
				TEST_TARGET_NAME = "Buzz Movie iOS";
			};
			name = Debug;
		};
		7B3F860C1CAEEB7B00CEBA36 /* Release */ = {
			isa = XCBuildConfiguration;
			buildSettings = {
				INFOPLIST_FILE = "Buzz Movie iOSUITests/Info.plist";
				LD_RUNPATH_SEARCH_PATHS = "$(inherited) @executable_path/Frameworks @loader_path/Frameworks";
				PRODUCT_BUNDLE_IDENTIFIER = "CS2340.Buzz-Movie-iOSUITests";
				PRODUCT_NAME = "$(TARGET_NAME)";
				TEST_TARGET_NAME = "Buzz Movie iOS";
			};
			name = Release;
		};
/* End XCBuildConfiguration section */

/* Begin XCConfigurationList section */
		7B3F85D71CAEEB7A00CEBA36 /* Build configuration list for PBXProject "Buzz Movie iOS" */ = {
			isa = XCConfigurationList;
			buildConfigurations = (
				7B3F86021CAEEB7B00CEBA36 /* Debug */,
				7B3F86031CAEEB7B00CEBA36 /* Release */,
			);
			defaultConfigurationIsVisible = 0;
			defaultConfigurationName = Release;
		};
		7B3F86041CAEEB7B00CEBA36 /* Build configuration list for PBXNativeTarget "Buzz Movie iOS" */ = {
			isa = XCConfigurationList;
			buildConfigurations = (
				7B3F86051CAEEB7B00CEBA36 /* Debug */,
				7B3F86061CAEEB7B00CEBA36 /* Release */,
			);
			defaultConfigurationIsVisible = 0;
			defaultConfigurationName = Release;
		};
		7B3F86071CAEEB7B00CEBA36 /* Build configuration list for PBXNativeTarget "Buzz Movie iOSTests" */ = {
			isa = XCConfigurationList;
			buildConfigurations = (
				7B3F86081CAEEB7B00CEBA36 /* Debug */,
				7B3F86091CAEEB7B00CEBA36 /* Release */,
			);
			defaultConfigurationIsVisible = 0;
			defaultConfigurationName = Release;
		};
		7B3F860A1CAEEB7B00CEBA36 /* Build configuration list for PBXNativeTarget "Buzz Movie iOSUITests" */ = {
			isa = XCConfigurationList;
			buildConfigurations = (
				7B3F860B1CAEEB7B00CEBA36 /* Debug */,
				7B3F860C1CAEEB7B00CEBA36 /* Release */,
			);
			defaultConfigurationIsVisible = 0;
			defaultConfigurationName = Release;
		};
/* End XCConfigurationList section */
	};
	rootObject = 7B3F85D41CAEEB7A00CEBA36 /* Project object */;
}
